
Microsoft Visual Studio Solution File, Format Version 12.00
# Visual Studio Version 16
VisualStudioVersion = 16.0.30204.135
MinimumVisualStudioVersion = 10.0.40219.1
Project("{FAE04EC0-301F-11D3-BF4B-00C04F79EFBC}") = "OcrService", "OcrService\OcrService.csproj", "{4EBDB259-4E02-4E6C-9B5F-8F0D7F5D8017}"
EndProject
Global
	GlobalSection(SolutionConfigurationPlatforms) = preSolution
		Debug|Any CPU = Debug|Any CPU
		Release|Any CPU = Release|Any CPU
	EndGlobalSection
	GlobalSection(ProjectConfigurationPlatforms) = postSolution
		{4EBDB259-4E02-4E6C-9B5F-8F0D7F5D8017}.Debug|Any CPU.ActiveCfg = Debug|Any CPU
		{4EBDB259-4E02-4E6C-9B5F-8F0D7F5D8017}.Debug|Any CPU.Build.0 = Debug|Any CPU
		{4EBDB259-4E02-4E6C-9B5F-8F0D7F5D8017}.Release|Any CPU.ActiveCfg = Release|Any CPU
		{4EBDB259-4E02-4E6C-9B5F-8F0D7F5D8017}.Release|Any CPU.Build.0 = Release|Any CPU
	EndGlobalSection
	GlobalSection(SolutionProperties) = preSolution
		HideSolutionNode = FALSE
	EndGlobalSection
	GlobalSection(ExtensibilityGlobals) = postSolution
		SolutionGuid = {86E50B92-496D-4C34-970A-FB25E8F91F1D}
	EndGlobalSection
EndGlobal
